{
  "R": {
    "Version": "4.3.1",
    "Repositories": [
      {
        "Name": "CRAN",
        "URL": "https://cloud.r-project.org"
      }
    ]
  },
  "Packages": {
    "EpiNow2": {
      "Package": "EpiNow2",
      "Version": "1.4.0",
      "Source": "GitHub",
      "RemoteType": "github",
      "RemoteHost": "api.github.com",
      "RemoteRepo": "EpiNow2",
      "RemoteUsername": "epiforecasts",
      "RemoteRef": "HEAD"
    }
  }
}
